
Microsoft Visual Studio Solution File, Format Version 12.00
# Visual Studio Version 17
VisualStudioVersion = 17.14.36623.8 d17.14
MinimumVisualStudioVersion = 10.0.40219.1
Project("{FAE04EC0-301F-11D3-BF4B-00C04F79EFBC}") = "Telegram.Bot.Consumer", "Telegram.Bot.Consumer\Telegram.Bot.Consumer.csproj", "{039FA367-7119-4201-92EE-04F67EA88430}"
EndProject
Global
	GlobalSection(SolutionConfigurationPlatforms) = preSolution
		Debug|Any CPU = Debug|Any CPU
		Release|Any CPU = Release|Any CPU
	EndGlobalSection
	GlobalSection(ProjectConfigurationPlatforms) = postSolution
		{039FA367-7119-4201-92EE-04F67EA88430}.Debug|Any CPU.ActiveCfg = Debug|Any CPU
		{039FA367-7119-4201-92EE-04F67EA88430}.Debug|Any CPU.Build.0 = Debug|Any CPU
		{039FA367-7119-4201-92EE-04F67EA88430}.Release|Any CPU.ActiveCfg = Release|Any CPU
		{039FA367-7119-4201-92EE-04F67EA88430}.Release|Any CPU.Build.0 = Release|Any CPU
	EndGlobalSection
	GlobalSection(SolutionProperties) = preSolution
		HideSolutionNode = FALSE
	EndGlobalSection
	GlobalSection(ExtensibilityGlobals) = postSolution
		SolutionGuid = {87C8BB20-3B30-4658-9BAB-DC92EFAF7228}
	EndGlobalSection
EndGlobal
